
Microsoft Visual Studio Solution File, Format Version 12.00
# Visual Studio Version 16
VisualStudioVersion = 16.0.31321.278
MinimumVisualStudioVersion = 10.0.40219.1
Project("{FAE04EC0-301F-11D3-BF4B-00C04F79EFBC}") = "MvcProjeKampiEksiSozluk", "MvcProjeKampiEksiSozlük\MvcProjeKampiEksiSozluk.csproj", "{EF8A618A-EE32-46D6-A08D-48887F0A4231}"
EndProject
Project("{FAE04EC0-301F-11D3-BF4B-00C04F79EFBC}") = "EntityLayer", "EntityLayer\EntityLayer.csproj", "{5D293BAE-7EED-4515-A889-85C396333E2E}"
EndProject
Project("{FAE04EC0-301F-11D3-BF4B-00C04F79EFBC}") = "DataAccessLayer", "DataAccessLayer\DataAccessLayer.csproj", "{D90C285F-F834-4E5C-8642-47288BAF9154}"
EndProject
Project("{FAE04EC0-301F-11D3-BF4B-00C04F79EFBC}") = "BusinessLayer", "BusinessLayer\BusinessLayer.csproj", "{30EF1A07-54C5-4501-B292-A995046B55E5}"
EndProject
Global
	GlobalSection(SolutionConfigurationPlatforms) = preSolution
		Debug|Any CPU = Debug|Any CPU
		Release|Any CPU = Release|Any CPU
	EndGlobalSection
	GlobalSection(ProjectConfigurationPlatforms) = postSolution
		{EF8A618A-EE32-46D6-A08D-48887F0A4231}.Debug|Any CPU.ActiveCfg = Debug|Any CPU
		{EF8A618A-EE32-46D6-A08D-48887F0A4231}.Debug|Any CPU.Build.0 = Debug|Any CPU
		{EF8A618A-EE32-46D6-A08D-48887F0A4231}.Release|Any CPU.ActiveCfg = Release|Any CPU
		{EF8A618A-EE32-46D6-A08D-48887F0A4231}.Release|Any CPU.Build.0 = Release|Any CPU
		{5D293BAE-7EED-4515-A889-85C396333E2E}.Debug|Any CPU.ActiveCfg = Debug|Any CPU
		{5D293BAE-7EED-4515-A889-85C396333E2E}.Debug|Any CPU.Build.0 = Debug|Any CPU
		{5D293BAE-7EED-4515-A889-85C396333E2E}.Release|Any CPU.ActiveCfg = Release|Any CPU
		{5D293BAE-7EED-4515-A889-85C396333E2E}.Release|Any CPU.Build.0 = Release|Any CPU
		{D90C285F-F834-4E5C-8642-47288BAF9154}.Debug|Any CPU.ActiveCfg = Debug|Any CPU
		{D90C285F-F834-4E5C-8642-47288BAF9154}.Debug|Any CPU.Build.0 = Debug|Any CPU
		{D90C285F-F834-4E5C-8642-47288BAF9154}.Release|Any CPU.ActiveCfg = Release|Any CPU
		{D90C285F-F834-4E5C-8642-47288BAF9154}.Release|Any CPU.Build.0 = Release|Any CPU
		{30EF1A07-54C5-4501-B292-A995046B55E5}.Debug|Any CPU.ActiveCfg = Debug|Any CPU
		{30EF1A07-54C5-4501-B292-A995046B55E5}.Debug|Any CPU.Build.0 = Debug|Any CPU
		{30EF1A07-54C5-4501-B292-A995046B55E5}.Release|Any CPU.ActiveCfg = Release|Any CPU
		{30EF1A07-54C5-4501-B292-A995046B55E5}.Release|Any CPU.Build.0 = Release|Any CPU
	EndGlobalSection
	GlobalSection(SolutionProperties) = preSolution
		HideSolutionNode = FALSE
	EndGlobalSection
	GlobalSection(ExtensibilityGlobals) = postSolution
		SolutionGuid = {44E84BAF-B06B-4E7C-B22B-30F46891E50B}
	EndGlobalSection
EndGlobal
